
Microsoft Visual Studio Solution File, Format Version 12.00
# Visual Studio Version 16
VisualStudioVersion = 16.0.30413.136
MinimumVisualStudioVersion = 10.0.40219.1
Project("{2150E333-8FDC-42A3-9474-1A3956D46DE8}") = "src", "src", "{0B3974C9-B8D7-4227-B08C-996F3B6C6C1E}"
EndProject
Project("{2150E333-8FDC-42A3-9474-1A3956D46DE8}") = "tests", "tests", "{619C6E5F-0CED-494E-8509-378B4B1AE2CF}"
EndProject
Project("{9A19103F-16F7-4668-BE54-9A1E7A4F7556}") = "Alura.LeilaoOnline.Core", "Alura.LeilaoOnline.Core\Alura.LeilaoOnline.Core.csproj", "{8032DE16-A0A6-4EDA-96EA-8017659B4797}"
EndProject
Project("{FAE04EC0-301F-11D3-BF4B-00C04F79EFBC}") = "Alura.LeilaoOnline.ConsoleApp", "Alura.LeilaoOnline.ConsoleApp\Alura.LeilaoOnline.ConsoleApp.csproj", "{2B4D4519-5259-4B98-BB42-B087DF9DCBE7}"
EndProject
Project("{FAE04EC0-301F-11D3-BF4B-00C04F79EFBC}") = "Alura.LeilaoOnline.Tests", "Alura.LeilaoOnline.Tests\Alura.LeilaoOnline.Tests.csproj", "{30149C5A-DFB4-4A27-B01A-D1458479F297}"
EndProject
Global
	GlobalSection(SolutionConfigurationPlatforms) = preSolution
		Debug|Any CPU = Debug|Any CPU
		Release|Any CPU = Release|Any CPU
	EndGlobalSection
	GlobalSection(ProjectConfigurationPlatforms) = postSolution
		{8032DE16-A0A6-4EDA-96EA-8017659B4797}.Debug|Any CPU.ActiveCfg = Debug|Any CPU
		{8032DE16-A0A6-4EDA-96EA-8017659B4797}.Debug|Any CPU.Build.0 = Debug|Any CPU
		{8032DE16-A0A6-4EDA-96EA-8017659B4797}.Release|Any CPU.ActiveCfg = Release|Any CPU
		{8032DE16-A0A6-4EDA-96EA-8017659B4797}.Release|Any CPU.Build.0 = Release|Any CPU
		{2B4D4519-5259-4B98-BB42-B087DF9DCBE7}.Debug|Any CPU.ActiveCfg = Debug|Any CPU
		{2B4D4519-5259-4B98-BB42-B087DF9DCBE7}.Debug|Any CPU.Build.0 = Debug|Any CPU
		{2B4D4519-5259-4B98-BB42-B087DF9DCBE7}.Release|Any CPU.ActiveCfg = Release|Any CPU
		{2B4D4519-5259-4B98-BB42-B087DF9DCBE7}.Release|Any CPU.Build.0 = Release|Any CPU
		{30149C5A-DFB4-4A27-B01A-D1458479F297}.Debug|Any CPU.ActiveCfg = Debug|Any CPU
		{30149C5A-DFB4-4A27-B01A-D1458479F297}.Debug|Any CPU.Build.0 = Debug|Any CPU
		{30149C5A-DFB4-4A27-B01A-D1458479F297}.Release|Any CPU.ActiveCfg = Release|Any CPU
		{30149C5A-DFB4-4A27-B01A-D1458479F297}.Release|Any CPU.Build.0 = Release|Any CPU
	EndGlobalSection
	GlobalSection(SolutionProperties) = preSolution
		HideSolutionNode = FALSE
	EndGlobalSection
	GlobalSection(NestedProjects) = preSolution
		{8032DE16-A0A6-4EDA-96EA-8017659B4797} = {0B3974C9-B8D7-4227-B08C-996F3B6C6C1E}
		{2B4D4519-5259-4B98-BB42-B087DF9DCBE7} = {619C6E5F-0CED-494E-8509-378B4B1AE2CF}
		{30149C5A-DFB4-4A27-B01A-D1458479F297} = {619C6E5F-0CED-494E-8509-378B4B1AE2CF}
	EndGlobalSection
	GlobalSection(ExtensibilityGlobals) = postSolution
		SolutionGuid = {A52CD586-43DE-4EE4-A928-715BB2BD0975}
	EndGlobalSection
EndGlobal
